// !$*UTF8*$!
{
	archiveVersion = 1;
	classes = {
	};
	objectVersion = 50;
	objects = {

/* Begin PBXBuildFile section */
		55038B3B24C028863C004B58 /* Pods_UIStructuresWithRxSwiftTests.framework in Frameworks */ = {isa = PBXBuildFile; fileRef = A3F4858249C0C521FBF4BDB5 /* Pods_UIStructuresWithRxSwiftTests.framework */; };
		A865BA1448DA294087D811AD /* Pods_UIStructuresWithRxSwift.framework in Frameworks */ = {isa = PBXBuildFile; fileRef = B6BF9E3191710C5E731C53A6 /* Pods_UIStructuresWithRxSwift.framework */; };
		DDC839FB254A4993C4E85A4D /* Pods_UIStructuresWithRxSwift_UIStructuresWithRxSwiftUITests.framework in Frameworks */ = {isa = PBXBuildFile; fileRef = F01F5B4923DBA40E360305C5 /* Pods_UIStructuresWithRxSwift_UIStructuresWithRxSwiftUITests.framework */; };
		DE69E8CE25CE9DF7004DBE9D /* AppDelegate.swift in Sources */ = {isa = PBXBuildFile; fileRef = DE69E8CD25CE9DF7004DBE9D /* AppDelegate.swift */; };
		DE69E8D025CE9DF7004DBE9D /* SceneDelegate.swift in Sources */ = {isa = PBXBuildFile; fileRef = DE69E8CF25CE9DF7004DBE9D /* SceneDelegate.swift */; };
		DE69E8D225CE9DF7004DBE9D /* ViewController.swift in Sources */ = {isa = PBXBuildFile; fileRef = DE69E8D125CE9DF7004DBE9D /* ViewController.swift */; };
		DE69E8D525CE9DF7004DBE9D /* Main.storyboard in Resources */ = {isa = PBXBuildFile; fileRef = DE69E8D325CE9DF7004DBE9D /* Main.storyboard */; };
		DE69E8D725CE9DF9004DBE9D /* Assets.xcassets in Resources */ = {isa = PBXBuildFile; fileRef = DE69E8D625CE9DF9004DBE9D /* Assets.xcassets */; };
		DE69E8DA25CE9DF9004DBE9D /* LaunchScreen.storyboard in Resources */ = {isa = PBXBuildFile; fileRef = DE69E8D825CE9DF9004DBE9D /* LaunchScreen.storyboard */; };
		DE69E8E525CE9DF9004DBE9D /* UIStructuresWithRxSwiftTests.swift in Sources */ = {isa = PBXBuildFile; fileRef = DE69E8E425CE9DF9004DBE9D /* UIStructuresWithRxSwiftTests.swift */; };
		DE69E8F025CE9DF9004DBE9D /* UIStructuresWithRxSwiftUITests.swift in Sources */ = {isa = PBXBuildFile; fileRef = DE69E8EF25CE9DF9004DBE9D /* UIStructuresWithRxSwiftUITests.swift */; };
/* End PBXBuildFile section */

/* Begin PBXContainerItemProxy section */
		DE69E8E125CE9DF9004DBE9D /* PBXContainerItemProxy */ = {
			isa = PBXContainerItemProxy;
			containerPortal = DE69E8C225CE9DF7004DBE9D /* Project object */;
			proxyType = 1;
			remoteGlobalIDString = DE69E8C925CE9DF7004DBE9D;
			remoteInfo = UIStructuresWithRxSwift;
		};
		DE69E8EC25CE9DF9004DBE9D /* PBXContainerItemProxy */ = {
			isa = PBXContainerItemProxy;
			containerPortal = DE69E8C225CE9DF7004DBE9D /* Project object */;
			proxyType = 1;
			remoteGlobalIDString = DE69E8C925CE9DF7004DBE9D;
			remoteInfo = UIStructuresWithRxSwift;
		};
/* End PBXContainerItemProxy section */

/* Begin PBXFileReference section */
		3940140146FDB33CB429A49B /* Pods-UIStructuresWithRxSwiftTests.release.xcconfig */ = {isa = PBXFileReference; includeInIndex = 1; lastKnownFileType = text.xcconfig; name = "Pods-UIStructuresWithRxSwiftTests.release.xcconfig"; path = "Target Support Files/Pods-UIStructuresWithRxSwiftTests/Pods-UIStructuresWithRxSwiftTests.release.xcconfig"; sourceTree = "<group>"; };
		4219828B007F7701378E9111 /* Pods-UIStructuresWithRxSwift.release.xcconfig */ = {isa = PBXFileReference; includeInIndex = 1; lastKnownFileType = text.xcconfig; name = "Pods-UIStructuresWithRxSwift.release.xcconfig"; path = "Target Support Files/Pods-UIStructuresWithRxSwift/Pods-UIStructuresWithRxSwift.release.xcconfig"; sourceTree = "<group>"; };
		55546648A2232E5E54D001EB /* Pods-UIStructuresWithRxSwift-UIStructuresWithRxSwiftUITests.debug.xcconfig */ = {isa = PBXFileReference; includeInIndex = 1; lastKnownFileType = text.xcconfig; name = "Pods-UIStructuresWithRxSwift-UIStructuresWithRxSwiftUITests.debug.xcconfig"; path = "Target Support Files/Pods-UIStructuresWithRxSwift-UIStructuresWithRxSwiftUITests/Pods-UIStructuresWithRxSwift-UIStructuresWithRxSwiftUITests.debug.xcconfig"; sourceTree = "<group>"; };
		5DB8BFB239D5BCC5FA3E30AE /* Pods-UIStructuresWithRxSwiftTests.debug.xcconfig */ = {isa = PBXFileReference; includeInIndex = 1; lastKnownFileType = text.xcconfig; name = "Pods-UIStructuresWithRxSwiftTests.debug.xcconfig"; path = "Target Support Files/Pods-UIStructuresWithRxSwiftTests/Pods-UIStructuresWithRxSwiftTests.debug.xcconfig"; sourceTree = "<group>"; };
		980753EB7243B45E3A3A088C /* Pods-UIStructuresWithRxSwift-UIStructuresWithRxSwiftUITests.release.xcconfig */ = {isa = PBXFileReference; includeInIndex = 1; lastKnownFileType = text.xcconfig; name = "Pods-UIStructuresWithRxSwift-UIStructuresWithRxSwiftUITests.release.xcconfig"; path = "Target Support Files/Pods-UIStructuresWithRxSwift-UIStructuresWithRxSwiftUITests/Pods-UIStructuresWithRxSwift-UIStructuresWithRxSwiftUITests.release.xcconfig"; sourceTree = "<group>"; };
		A3F4858249C0C521FBF4BDB5 /* Pods_UIStructuresWithRxSwiftTests.framework */ = {isa = PBXFileReference; explicitFileType = wrapper.framework; includeInIndex = 0; path = Pods_UIStructuresWithRxSwiftTests.framework; sourceTree = BUILT_PRODUCTS_DIR; };
		B6BF9E3191710C5E731C53A6 /* Pods_UIStructuresWithRxSwift.framework */ = {isa = PBXFileReference; explicitFileType = wrapper.framework; includeInIndex = 0; path = Pods_UIStructuresWithRxSwift.framework; sourceTree = BUILT_PRODUCTS_DIR; };
		DE69E8CA25CE9DF7004DBE9D /* UIStructuresWithRxSwift.app */ = {isa = PBXFileReference; explicitFileType = wrapper.application; includeInIndex = 0; path = UIStructuresWithRxSwift.app; sourceTree = BUILT_PRODUCTS_DIR; };
		DE69E8CD25CE9DF7004DBE9D /* AppDelegate.swift */ = {isa = PBXFileReference; lastKnownFileType = sourcecode.swift; path = AppDelegate.swift; sourceTree = "<group>"; };
		DE69E8CF25CE9DF7004DBE9D /* SceneDelegate.swift */ = {isa = PBXFileReference; lastKnownFileType = sourcecode.swift; path = SceneDelegate.swift; sourceTree = "<group>"; };
		DE69E8D125CE9DF7004DBE9D /* ViewController.swift */ = {isa = PBXFileReference; lastKnownFileType = sourcecode.swift; path = ViewController.swift; sourceTree = "<group>"; };
		DE69E8D425CE9DF7004DBE9D /* Base */ = {isa = PBXFileReference; lastKnownFileType = file.storyboard; name = Base; path = Base.lproj/Main.storyboard; sourceTree = "<group>"; };
		DE69E8D625CE9DF9004DBE9D /* Assets.xcassets */ = {isa = PBXFileReference; lastKnownFileType = folder.assetcatalog; path = Assets.xcassets; sourceTree = "<group>"; };
		DE69E8D925CE9DF9004DBE9D /* Base */ = {isa = PBXFileReference; lastKnownFileType = file.storyboard; name = Base; path = Base.lproj/LaunchScreen.storyboard; sourceTree = "<group>"; };
		DE69E8DB25CE9DF9004DBE9D /* Info.plist */ = {isa = PBXFileReference; lastKnownFileType = text.plist.xml; path = Info.plist; sourceTree = "<group>"; };
		DE69E8E025CE9DF9004DBE9D /* UIStructuresWithRxSwiftTests.xctest */ = {isa = PBXFileReference; explicitFileType = wrapper.cfbundle; includeInIndex = 0; path = UIStructuresWithRxSwiftTests.xctest; sourceTree = BUILT_PRODUCTS_DIR; };
		DE69E8E425CE9DF9004DBE9D /* UIStructuresWithRxSwiftTests.swift */ = {isa = PBXFileReference; lastKnownFileType = sourcecode.swift; path = UIStructuresWithRxSwiftTests.swift; sourceTree = "<group>"; };
		DE69E8E625CE9DF9004DBE9D /* Info.plist */ = {isa = PBXFileReference; lastKnownFileType = text.plist.xml; path = Info.plist; sourceTree = "<group>"; };
		DE69E8EB25CE9DF9004DBE9D /* UIStructuresWithRxSwiftUITests.xctest */ = {isa = PBXFileReference; explicitFileType = wrapper.cfbundle; includeInIndex = 0; path = UIStructuresWithRxSwiftUITests.xctest; sourceTree = BUILT_PRODUCTS_DIR; };
		DE69E8EF25CE9DF9004DBE9D /* UIStructuresWithRxSwiftUITests.swift */ = {isa = PBXFileReference; lastKnownFileType = sourcecode.swift; path = UIStructuresWithRxSwiftUITests.swift; sourceTree = "<group>"; };
		DE69E8F125CE9DF9004DBE9D /* Info.plist */ = {isa = PBXFileReference; lastKnownFileType = text.plist.xml; path = Info.plist; sourceTree = "<group>"; };
		F01F5B4923DBA40E360305C5 /* Pods_UIStructuresWithRxSwift_UIStructuresWithRxSwiftUITests.framework */ = {isa = PBXFileReference; explicitFileType = wrapper.framework; includeInIndex = 0; path = Pods_UIStructuresWithRxSwift_UIStructuresWithRxSwiftUITests.framework; sourceTree = BUILT_PRODUCTS_DIR; };
		F3166414D6F6BD4FF968739A /* Pods-UIStructuresWithRxSwift.debug.xcconfig */ = {isa = PBXFileReference; includeInIndex = 1; lastKnownFileType = text.xcconfig; name = "Pods-UIStructuresWithRxSwift.debug.xcconfig"; path = "Target Support Files/Pods-UIStructuresWithRxSwift/Pods-UIStructuresWithRxSwift.debug.xcconfig"; sourceTree = "<group>"; };
/* End PBXFileReference section */

/* Begin PBXFrameworksBuildPhase section */
		DE69E8C725CE9DF7004DBE9D /* Frameworks */ = {
			isa = PBXFrameworksBuildPhase;
			buildActionMask = 2147483647;
			files = (
				A865BA1448DA294087D811AD /* Pods_UIStructuresWithRxSwift.framework in Frameworks */,
			);
			runOnlyForDeploymentPostprocessing = 0;
		};
		DE69E8DD25CE9DF9004DBE9D /* Frameworks */ = {
			isa = PBXFrameworksBuildPhase;
			buildActionMask = 2147483647;
			files = (
				55038B3B24C028863C004B58 /* Pods_UIStructuresWithRxSwiftTests.framework in Frameworks */,
			);
			runOnlyForDeploymentPostprocessing = 0;
		};
		DE69E8E825CE9DF9004DBE9D /* Frameworks */ = {
			isa = PBXFrameworksBuildPhase;
			buildActionMask = 2147483647;
			files = (
				DDC839FB254A4993C4E85A4D /* Pods_UIStructuresWithRxSwift_UIStructuresWithRxSwiftUITests.framework in Frameworks */,
			);
			runOnlyForDeploymentPostprocessing = 0;
		};
/* End PBXFrameworksBuildPhase section */

/* Begin PBXGroup section */
		2E2C1071DAFFB728C845464E /* Frameworks */ = {
			isa = PBXGroup;
			children = (
				B6BF9E3191710C5E731C53A6 /* Pods_UIStructuresWithRxSwift.framework */,
				F01F5B4923DBA40E360305C5 /* Pods_UIStructuresWithRxSwift_UIStructuresWithRxSwiftUITests.framework */,
				A3F4858249C0C521FBF4BDB5 /* Pods_UIStructuresWithRxSwiftTests.framework */,
			);
			name = Frameworks;
			sourceTree = "<group>";
		};
		63C87979D51C5ACC5D8C5745 /* Pods */ = {
			isa = PBXGroup;
			children = (
				F3166414D6F6BD4FF968739A /* Pods-UIStructuresWithRxSwift.debug.xcconfig */,
				4219828B007F7701378E9111 /* Pods-UIStructuresWithRxSwift.release.xcconfig */,
				55546648A2232E5E54D001EB /* Pods-UIStructuresWithRxSwift-UIStructuresWithRxSwiftUITests.debug.xcconfig */,
				980753EB7243B45E3A3A088C /* Pods-UIStructuresWithRxSwift-UIStructuresWithRxSwiftUITests.release.xcconfig */,
				5DB8BFB239D5BCC5FA3E30AE /* Pods-UIStructuresWithRxSwiftTests.debug.xcconfig */,
				3940140146FDB33CB429A49B /* Pods-UIStructuresWithRxSwiftTests.release.xcconfig */,
			);
			name = Pods;
			path = Pods;
			sourceTree = "<group>";
		};
		DE69E8C125CE9DF7004DBE9D = {
			isa = PBXGroup;
			children = (
				DE69E8CC25CE9DF7004DBE9D /* UIStructuresWithRxSwift */,
				DE69E8E325CE9DF9004DBE9D /* UIStructuresWithRxSwiftTests */,
				DE69E8EE25CE9DF9004DBE9D /* UIStructuresWithRxSwiftUITests */,
				DE69E8CB25CE9DF7004DBE9D /* Products */,
				63C87979D51C5ACC5D8C5745 /* Pods */,
				2E2C1071DAFFB728C845464E /* Frameworks */,
			);
			sourceTree = "<group>";
		};
		DE69E8CB25CE9DF7004DBE9D /* Products */ = {
			isa = PBXGroup;
			children = (
				DE69E8CA25CE9DF7004DBE9D /* UIStructuresWithRxSwift.app */,
				DE69E8E025CE9DF9004DBE9D /* UIStructuresWithRxSwiftTests.xctest */,
				DE69E8EB25CE9DF9004DBE9D /* UIStructuresWithRxSwiftUITests.xctest */,
			);
			name = Products;
			sourceTree = "<group>";
		};
		DE69E8CC25CE9DF7004DBE9D /* UIStructuresWithRxSwift */ = {
			isa = PBXGroup;
			children = (
				DE69E8CD25CE9DF7004DBE9D /* AppDelegate.swift */,
				DE69E8CF25CE9DF7004DBE9D /* SceneDelegate.swift */,
				DE69E8D125CE9DF7004DBE9D /* ViewController.swift */,
				DE69E8D325CE9DF7004DBE9D /* Main.storyboard */,
				DE69E8D625CE9DF9004DBE9D /* Assets.xcassets */,
				DE69E8D825CE9DF9004DBE9D /* LaunchScreen.storyboard */,
				DE69E8DB25CE9DF9004DBE9D /* Info.plist */,
			);
			path = UIStructuresWithRxSwift;
			sourceTree = "<group>";
		};
		DE69E8E325CE9DF9004DBE9D /* UIStructuresWithRxSwiftTests */ = {
			isa = PBXGroup;
			children = (
				DE69E8E425CE9DF9004DBE9D /* UIStructuresWithRxSwiftTests.swift */,
				DE69E8E625CE9DF9004DBE9D /* Info.plist */,
			);
			path = UIStructuresWithRxSwiftTests;
			sourceTree = "<group>";
		};
		DE69E8EE25CE9DF9004DBE9D /* UIStructuresWithRxSwiftUITests */ = {
			isa = PBXGroup;
			children = (
				DE69E8EF25CE9DF9004DBE9D /* UIStructuresWithRxSwiftUITests.swift */,
				DE69E8F125CE9DF9004DBE9D /* Info.plist */,
			);
			path = UIStructuresWithRxSwiftUITests;
			sourceTree = "<group>";
		};
/* End PBXGroup section */

/* Begin PBXNativeTarget section */
		DE69E8C925CE9DF7004DBE9D /* UIStructuresWithRxSwift */ = {
			isa = PBXNativeTarget;
			buildConfigurationList = DE69E8F425CE9DF9004DBE9D /* Build configuration list for PBXNativeTarget "UIStructuresWithRxSwift" */;
			buildPhases = (
				2A00D4F2354C29F3021AB7DA /* [CP] Check Pods Manifest.lock */,
				DE69E8C625CE9DF7004DBE9D /* Sources */,
				DE69E8C725CE9DF7004DBE9D /* Frameworks */,
				DE69E8C825CE9DF7004DBE9D /* Resources */,
				7920C42446605B633F6FE8CB /* [CP] Embed Pods Frameworks */,
			);
			buildRules = (
			);
			dependencies = (
			);
			name = UIStructuresWithRxSwift;
			productName = UIStructuresWithRxSwift;
			productReference = DE69E8CA25CE9DF7004DBE9D /* UIStructuresWithRxSwift.app */;
			productType = "com.apple.product-type.application";
		};
		DE69E8DF25CE9DF9004DBE9D /* UIStructuresWithRxSwiftTests */ = {
			isa = PBXNativeTarget;
			buildConfigurationList = DE69E8F725CE9DF9004DBE9D /* Build configuration list for PBXNativeTarget "UIStructuresWithRxSwiftTests" */;
			buildPhases = (
				68D798152B7FE41133085227 /* [CP] Check Pods Manifest.lock */,
				DE69E8DC25CE9DF9004DBE9D /* Sources */,
				DE69E8DD25CE9DF9004DBE9D /* Frameworks */,
				DE69E8DE25CE9DF9004DBE9D /* Resources */,
			);
			buildRules = (
			);
			dependencies = (
				DE69E8E225CE9DF9004DBE9D /* PBXTargetDependency */,
			);
			name = UIStructuresWithRxSwiftTests;
			productName = UIStructuresWithRxSwiftTests;
			productReference = DE69E8E025CE9DF9004DBE9D /* UIStructuresWithRxSwiftTests.xctest */;
			productType = "com.apple.product-type.bundle.unit-test";
		};
		DE69E8EA25CE9DF9004DBE9D /* UIStructuresWithRxSwiftUITests */ = {
			isa = PBXNativeTarget;
			buildConfigurationList = DE69E8FA25CE9DF9004DBE9D /* Build configuration list for PBXNativeTarget "UIStructuresWithRxSwiftUITests" */;
			buildPhases = (
				86F40BF88C2EC448CE7DB270 /* [CP] Check Pods Manifest.lock */,
				DE69E8E725CE9DF9004DBE9D /* Sources */,
				DE69E8E825CE9DF9004DBE9D /* Frameworks */,
				DE69E8E925CE9DF9004DBE9D /* Resources */,
				D4744148C80D4160AF216EC0 /* [CP] Embed Pods Frameworks */,
			);
			buildRules = (
			);
			dependencies = (
				DE69E8ED25CE9DF9004DBE9D /* PBXTargetDependency */,
			);
			name = UIStructuresWithRxSwiftUITests;
			productName = UIStructuresWithRxSwiftUITests;
			productReference = DE69E8EB25CE9DF9004DBE9D /* UIStructuresWithRxSwiftUITests.xctest */;
			productType = "com.apple.product-type.bundle.ui-testing";
		};
/* End PBXNativeTarget section */

/* Begin PBXProject section */
		DE69E8C225CE9DF7004DBE9D /* Project object */ = {
			isa = PBXProject;
			attributes = {
				LastSwiftUpdateCheck = 1230;
				LastUpgradeCheck = 1230;
				TargetAttributes = {
					DE69E8C925CE9DF7004DBE9D = {
						CreatedOnToolsVersion = 12.3;
					};
					DE69E8DF25CE9DF9004DBE9D = {
						CreatedOnToolsVersion = 12.3;
						TestTargetID = DE69E8C925CE9DF7004DBE9D;
					};
					DE69E8EA25CE9DF9004DBE9D = {
						CreatedOnToolsVersion = 12.3;
						TestTargetID = DE69E8C925CE9DF7004DBE9D;
					};
				};
			};
			buildConfigurationList = DE69E8C525CE9DF7004DBE9D /* Build configuration list for PBXProject "UIStructuresWithRxSwift" */;
			compatibilityVersion = "Xcode 9.3";
			developmentRegion = en;
			hasScannedForEncodings = 0;
			knownRegions = (
				en,
				Base,
			);
			mainGroup = DE69E8C125CE9DF7004DBE9D;
			productRefGroup = DE69E8CB25CE9DF7004DBE9D /* Products */;
			projectDirPath = "";
			projectRoot = "";
			targets = (
				DE69E8C925CE9DF7004DBE9D /* UIStructuresWithRxSwift */,
				DE69E8DF25CE9DF9004DBE9D /* UIStructuresWithRxSwiftTests */,
				DE69E8EA25CE9DF9004DBE9D /* UIStructuresWithRxSwiftUITests */,
			);
		};
/* End PBXProject section */

/* Begin PBXResourcesBuildPhase section */
		DE69E8C825CE9DF7004DBE9D /* Resources */ = {
			isa = PBXResourcesBuildPhase;
			buildActionMask = 2147483647;
			files = (
				DE69E8DA25CE9DF9004DBE9D /* LaunchScreen.storyboard in Resources */,
				DE69E8D725CE9DF9004DBE9D /* Assets.xcassets in Resources */,
				DE69E8D525CE9DF7004DBE9D /* Main.storyboard in Resources */,
			);
			runOnlyForDeploymentPostprocessing = 0;
		};
		DE69E8DE25CE9DF9004DBE9D /* Resources */ = {
			isa = PBXResourcesBuildPhase;
			buildActionMask = 2147483647;
			files = (
			);
			runOnlyForDeploymentPostprocessing = 0;
		};
		DE69E8E925CE9DF9004DBE9D /* Resources */ = {
			isa = PBXResourcesBuildPhase;
			buildActionMask = 2147483647;
			files = (
			);
			runOnlyForDeploymentPostprocessing = 0;
		};
/* End PBXResourcesBuildPhase section */

/* Begin PBXShellScriptBuildPhase section */
		2A00D4F2354C29F3021AB7DA /* [CP] Check Pods Manifest.lock */ = {
			isa = PBXShellScriptBuildPhase;
			buildActionMask = 2147483647;
			files = (
			);
			inputFileListPaths = (
			);
			inputPaths = (
				"${PODS_PODFILE_DIR_PATH}/Podfile.lock",
				"${PODS_ROOT}/Manifest.lock",
			);
			name = "[CP] Check Pods Manifest.lock";
			outputFileListPaths = (
			);
			outputPaths = (
				"$(DERIVED_FILE_DIR)/Pods-UIStructuresWithRxSwift-checkManifestLockResult.txt",
			);
			runOnlyForDeploymentPostprocessing = 0;
			shellPath = /bin/sh;
			shellScript = "diff \"${PODS_PODFILE_DIR_PATH}/Podfile.lock\" \"${PODS_ROOT}/Manifest.lock\" > /dev/null\nif [ $? != 0 ] ; then\n    # print error to STDERR\n    echo \"error: The sandbox is not in sync with the Podfile.lock. Run 'pod install' or update your CocoaPods installation.\" >&2\n    exit 1\nfi\n# This output is used by Xcode 'outputs' to avoid re-running this script phase.\necho \"SUCCESS\" > \"${SCRIPT_OUTPUT_FILE_0}\"\n";
			showEnvVarsInLog = 0;
		};
		68D798152B7FE41133085227 /* [CP] Check Pods Manifest.lock */ = {
			isa = PBXShellScriptBuildPhase;
			buildActionMask = 2147483647;
			files = (
			);
			inputFileListPaths = (
			);
			inputPaths = (
				"${PODS_PODFILE_DIR_PATH}/Podfile.lock",
				"${PODS_ROOT}/Manifest.lock",
			);
			name = "[CP] Check Pods Manifest.lock";
			outputFileListPaths = (
			);
			outputPaths = (
				"$(DERIVED_FILE_DIR)/Pods-UIStructuresWithRxSwiftTests-checkManifestLockResult.txt",
			);
			runOnlyForDeploymentPostprocessing = 0;
			shellPath = /bin/sh;
			shellScript = "diff \"${PODS_PODFILE_DIR_PATH}/Podfile.lock\" \"${PODS_ROOT}/Manifest.lock\" > /dev/null\nif [ $? != 0 ] ; then\n    # print error to STDERR\n    echo \"error: The sandbox is not in sync with the Podfile.lock. Run 'pod install' or update your CocoaPods installation.\" >&2\n    exit 1\nfi\n# This output is used by Xcode 'outputs' to avoid re-running this script phase.\necho \"SUCCESS\" > \"${SCRIPT_OUTPUT_FILE_0}\"\n";
			showEnvVarsInLog = 0;
		};
		7920C42446605B633F6FE8CB /* [CP] Embed Pods Frameworks */ = {
			isa = PBXShellScriptBuildPhase;
			buildActionMask = 2147483647;
			files = (
			);
			inputFileListPaths = (
				"${PODS_ROOT}/Target Support Files/Pods-UIStructuresWithRxSwift/Pods-UIStructuresWithRxSwift-frameworks-${CONFIGURATION}-input-files.xcfilelist",
			);
			name = "[CP] Embed Pods Frameworks";
			outputFileListPaths = (
				"${PODS_ROOT}/Target Support Files/Pods-UIStructuresWithRxSwift/Pods-UIStructuresWithRxSwift-frameworks-${CONFIGURATION}-output-files.xcfilelist",
			);
			runOnlyForDeploymentPostprocessing = 0;
			shellPath = /bin/sh;
			shellScript = "\"${PODS_ROOT}/Target Support Files/Pods-UIStructuresWithRxSwift/Pods-UIStructuresWithRxSwift-frameworks.sh\"\n";
			showEnvVarsInLog = 0;
		};
		86F40BF88C2EC448CE7DB270 /* [CP] Check Pods Manifest.lock */ = {
			isa = PBXShellScriptBuildPhase;
			buildActionMask = 2147483647;
			files = (
			);
			inputFileListPaths = (
			);
			inputPaths = (
				"${PODS_PODFILE_DIR_PATH}/Podfile.lock",
				"${PODS_ROOT}/Manifest.lock",
			);
			name = "[CP] Check Pods Manifest.lock";
			outputFileListPaths = (
			);
			outputPaths = (
				"$(DERIVED_FILE_DIR)/Pods-UIStructuresWithRxSwift-UIStructuresWithRxSwiftUITests-checkManifestLockResult.txt",
			);
			runOnlyForDeploymentPostprocessing = 0;
			shellPath = /bin/sh;
			shellScript = "diff \"${PODS_PODFILE_DIR_PATH}/Podfile.lock\" \"${PODS_ROOT}/Manifest.lock\" > /dev/null\nif [ $? != 0 ] ; then\n    # print error to STDERR\n    echo \"error: The sandbox is not in sync with the Podfile.lock. Run 'pod install' or update your CocoaPods installation.\" >&2\n    exit 1\nfi\n# This output is used by Xcode 'outputs' to avoid re-running this script phase.\necho \"SUCCESS\" > \"${SCRIPT_OUTPUT_FILE_0}\"\n";
			showEnvVarsInLog = 0;
		};
		D4744148C80D4160AF216EC0 /* [CP] Embed Pods Frameworks */ = {
			isa = PBXShellScriptBuildPhase;
			buildActionMask = 2147483647;
			files = (
			);
			inputFileListPaths = (
				"${PODS_ROOT}/Target Support Files/Pods-UIStructuresWithRxSwift-UIStructuresWithRxSwiftUITests/Pods-UIStructuresWithRxSwift-UIStructuresWithRxSwiftUITests-frameworks-${CONFIGURATION}-input-files.xcfilelist",
			);
			name = "[CP] Embed Pods Frameworks";
			outputFileListPaths = (
				"${PODS_ROOT}/Target Support Files/Pods-UIStructuresWithRxSwift-UIStructuresWithRxSwiftUITests/Pods-UIStructuresWithRxSwift-UIStructuresWithRxSwiftUITests-frameworks-${CONFIGURATION}-output-files.xcfilelist",
			);
			runOnlyForDeploymentPostprocessing = 0;
			shellPath = /bin/sh;
			shellScript = "\"${PODS_ROOT}/Target Support Files/Pods-UIStructuresWithRxSwift-UIStructuresWithRxSwiftUITests/Pods-UIStructuresWithRxSwift-UIStructuresWithRxSwiftUITests-frameworks.sh\"\n";
			showEnvVarsInLog = 0;
		};
/* End PBXShellScriptBuildPhase section */

/* Begin PBXSourcesBuildPhase section */
		DE69E8C625CE9DF7004DBE9D /* Sources */ = {
			isa = PBXSourcesBuildPhase;
			buildActionMask = 2147483647;
			files = (
				DE69E8D225CE9DF7004DBE9D /* ViewController.swift in Sources */,
				DE69E8CE25CE9DF7004DBE9D /* AppDelegate.swift in Sources */,
				DE69E8D025CE9DF7004DBE9D /* SceneDelegate.swift in Sources */,
			);
			runOnlyForDeploymentPostprocessing = 0;
		};
		DE69E8DC25CE9DF9004DBE9D /* Sources */ = {
			isa = PBXSourcesBuildPhase;
			buildActionMask = 2147483647;
			files = (
				DE69E8E525CE9DF9004DBE9D /* UIStructuresWithRxSwiftTests.swift in Sources */,
			);
			runOnlyForDeploymentPostprocessing = 0;
		};
		DE69E8E725CE9DF9004DBE9D /* Sources */ = {
			isa = PBXSourcesBuildPhase;
			buildActionMask = 2147483647;
			files = (
				DE69E8F025CE9DF9004DBE9D /* UIStructuresWithRxSwiftUITests.swift in Sources */,
			);
			runOnlyForDeploymentPostprocessing = 0;
		};
/* End PBXSourcesBuildPhase section */

/* Begin PBXTargetDependency section */
		DE69E8E225CE9DF9004DBE9D /* PBXTargetDependency */ = {
			isa = PBXTargetDependency;
			target = DE69E8C925CE9DF7004DBE9D /* UIStructuresWithRxSwift */;
			targetProxy = DE69E8E125CE9DF9004DBE9D /* PBXContainerItemProxy */;
		};
		DE69E8ED25CE9DF9004DBE9D /* PBXTargetDependency */ = {
			isa = PBXTargetDependency;
			target = DE69E8C925CE9DF7004DBE9D /* UIStructuresWithRxSwift */;
			targetProxy = DE69E8EC25CE9DF9004DBE9D /* PBXContainerItemProxy */;
		};
/* End PBXTargetDependency section */

/* Begin PBXVariantGroup section */
		DE69E8D325CE9DF7004DBE9D /* Main.storyboard */ = {
			isa = PBXVariantGroup;
			children = (
				DE69E8D425CE9DF7004DBE9D /* Base */,
			);
			name = Main.storyboard;
			sourceTree = "<group>";
		};
		DE69E8D825CE9DF9004DBE9D /* LaunchScreen.storyboard */ = {
			isa = PBXVariantGroup;
			children = (
				DE69E8D925CE9DF9004DBE9D /* Base */,
			);
			name = LaunchScreen.storyboard;
			sourceTree = "<group>";
		};
/* End PBXVariantGroup section */

/* Begin XCBuildConfiguration section */
		DE69E8F225CE9DF9004DBE9D /* Debug */ = {
			isa = XCBuildConfiguration;
			buildSettings = {
				ALWAYS_SEARCH_USER_PATHS = NO;
				CLANG_ANALYZER_NONNULL = YES;
				CLANG_ANALYZER_NUMBER_OBJECT_CONVERSION = YES_AGGRESSIVE;
				CLANG_CXX_LANGUAGE_STANDARD = "gnu++14";
				CLANG_CXX_LIBRARY = "libc++";
				CLANG_ENABLE_MODULES = YES;
				CLANG_ENABLE_OBJC_ARC = YES;
				CLANG_ENABLE_OBJC_WEAK = YES;
				CLANG_WARN_BLOCK_CAPTURE_AUTORELEASING = YES;
				CLANG_WARN_BOOL_CONVERSION = YES;
				CLANG_WARN_COMMA = YES;
				CLANG_WARN_CONSTANT_CONVERSION = YES;
				CLANG_WARN_DEPRECATED_OBJC_IMPLEMENTATIONS = YES;
				CLANG_WARN_DIRECT_OBJC_ISA_USAGE = YES_ERROR;
				CLANG_WARN_DOCUMENTATION_COMMENTS = YES;
				CLANG_WARN_EMPTY_BODY = YES;
				CLANG_WARN_ENUM_CONVERSION = YES;
				CLANG_WARN_INFINITE_RECURSION = YES;
				CLANG_WARN_INT_CONVERSION = YES;
				CLANG_WARN_NON_LITERAL_NULL_CONVERSION = YES;
				CLANG_WARN_OBJC_IMPLICIT_RETAIN_SELF = YES;
				CLANG_WARN_OBJC_LITERAL_CONVERSION = YES;
				CLANG_WARN_OBJC_ROOT_CLASS = YES_ERROR;
				CLANG_WARN_QUOTED_INCLUDE_IN_FRAMEWORK_HEADER = YES;
				CLANG_WARN_RANGE_LOOP_ANALYSIS = YES;
				CLANG_WARN_STRICT_PROTOTYPES = YES;
				CLANG_WARN_SUSPICIOUS_MOVE = YES;
				CLANG_WARN_UNGUARDED_AVAILABILITY = YES_AGGRESSIVE;
				CLANG_WARN_UNREACHABLE_CODE = YES;
				CLANG_WARN__DUPLICATE_METHOD_MATCH = YES;
				COPY_PHASE_STRIP = NO;
				DEBUG_INFORMATION_FORMAT = dwarf;
				ENABLE_STRICT_OBJC_MSGSEND = YES;
				ENABLE_TESTABILITY = YES;
				GCC_C_LANGUAGE_STANDARD = gnu11;
				GCC_DYNAMIC_NO_PIC = NO;
				GCC_NO_COMMON_BLOCKS = YES;
				GCC_OPTIMIZATION_LEVEL = 0;
				GCC_PREPROCESSOR_DEFINITIONS = (
					"DEBUG=1",
					"$(inherited)",
				);
				GCC_WARN_64_TO_32_BIT_CONVERSION = YES;
				GCC_WARN_ABOUT_RETURN_TYPE = YES_ERROR;
				GCC_WARN_UNDECLARED_SELECTOR = YES;
				GCC_WARN_UNINITIALIZED_AUTOS = YES_AGGRESSIVE;
				GCC_WARN_UNUSED_FUNCTION = YES;
				GCC_WARN_UNUSED_VARIABLE = YES;
				IPHONEOS_DEPLOYMENT_TARGET = 14.3;
				MTL_ENABLE_DEBUG_INFO = INCLUDE_SOURCE;
				MTL_FAST_MATH = YES;
				ONLY_ACTIVE_ARCH = YES;
				SDKROOT = iphoneos;
				SWIFT_ACTIVE_COMPILATION_CONDITIONS = DEBUG;
				SWIFT_OPTIMIZATION_LEVEL = "-Onone";
			};
			name = Debug;
		};
		DE69E8F325CE9DF9004DBE9D /* Release */ = {
			isa = XCBuildConfiguration;
			buildSettings = {
				ALWAYS_SEARCH_USER_PATHS = NO;
				CLANG_ANALYZER_NONNULL = YES;
				CLANG_ANALYZER_NUMBER_OBJECT_CONVERSION = YES_AGGRESSIVE;
				CLANG_CXX_LANGUAGE_STANDARD = "gnu++14";
				CLANG_CXX_LIBRARY = "libc++";
				CLANG_ENABLE_MODULES = YES;
				CLANG_ENABLE_OBJC_ARC = YES;
				CLANG_ENABLE_OBJC_WEAK = YES;
				CLANG_WARN_BLOCK_CAPTURE_AUTORELEASING = YES;
				CLANG_WARN_BOOL_CONVERSION = YES;
				CLANG_WARN_COMMA = YES;
				CLANG_WARN_CONSTANT_CONVERSION = YES;
				CLANG_WARN_DEPRECATED_OBJC_IMPLEMENTATIONS = YES;
				CLANG_WARN_DIRECT_OBJC_ISA_USAGE = YES_ERROR;
				CLANG_WARN_DOCUMENTATION_COMMENTS = YES;
				CLANG_WARN_EMPTY_BODY = YES;
				CLANG_WARN_ENUM_CONVERSION = YES;
				CLANG_WARN_INFINITE_RECURSION = YES;
				CLANG_WARN_INT_CONVERSION = YES;
				CLANG_WARN_NON_LITERAL_NULL_CONVERSION = YES;
				CLANG_WARN_OBJC_IMPLICIT_RETAIN_SELF = YES;
				CLANG_WARN_OBJC_LITERAL_CONVERSION = YES;
				CLANG_WARN_OBJC_ROOT_CLASS = YES_ERROR;
				CLANG_WARN_QUOTED_INCLUDE_IN_FRAMEWORK_HEADER = YES;
				CLANG_WARN_RANGE_LOOP_ANALYSIS = YES;
				CLANG_WARN_STRICT_PROTOTYPES = YES;
				CLANG_WARN_SUSPICIOUS_MOVE = YES;
				CLANG_WARN_UNGUARDED_AVAILABILITY = YES_AGGRESSIVE;
				CLANG_WARN_UNREACHABLE_CODE = YES;
				CLANG_WARN__DUPLICATE_METHOD_MATCH = YES;
				COPY_PHASE_STRIP = NO;
				DEBUG_INFORMATION_FORMAT = "dwarf-with-dsym";
				ENABLE_NS_ASSERTIONS = NO;
				ENABLE_STRICT_OBJC_MSGSEND = YES;
				GCC_C_LANGUAGE_STANDARD = gnu11;
				GCC_NO_COMMON_BLOCKS = YES;
				GCC_WARN_64_TO_32_BIT_CONVERSION = YES;
				GCC_WARN_ABOUT_RETURN_TYPE = YES_ERROR;
				GCC_WARN_UNDECLARED_SELECTOR = YES;
				GCC_WARN_UNINITIALIZED_AUTOS = YES_AGGRESSIVE;
				GCC_WARN_UNUSED_FUNCTION = YES;
				GCC_WARN_UNUSED_VARIABLE = YES;
				IPHONEOS_DEPLOYMENT_TARGET = 14.3;
				MTL_ENABLE_DEBUG_INFO = NO;
				MTL_FAST_MATH = YES;
				SDKROOT = iphoneos;
				SWIFT_COMPILATION_MODE = wholemodule;
				SWIFT_OPTIMIZATION_LEVEL = "-O";
				VALIDATE_PRODUCT = YES;
			};
			name = Release;
		};
		DE69E8F525CE9DF9004DBE9D /* Debug */ = {
			isa = XCBuildConfiguration;
			baseConfigurationReference = F3166414D6F6BD4FF968739A /* Pods-UIStructuresWithRxSwift.debug.xcconfig */;
			buildSettings = {
				ASSETCATALOG_COMPILER_APPICON_NAME = AppIcon;
				ASSETCATALOG_COMPILER_GLOBAL_ACCENT_COLOR_NAME = AccentColor;
				CODE_SIGN_STYLE = Automatic;
				DEVELOPMENT_TEAM = S5BF5553KY;
				INFOPLIST_FILE = UIStructuresWithRxSwift/Info.plist;
				LD_RUNPATH_SEARCH_PATHS = (
					"$(inherited)",
					"@executable_path/Frameworks",
				);
				PRODUCT_BUNDLE_IDENTIFIER = com.just1factory.UIStructuresWithRxSwift;
				PRODUCT_NAME = "$(TARGET_NAME)";
				SWIFT_VERSION = 5.0;
				TARGETED_DEVICE_FAMILY = "1,2";
			};
			name = Debug;
		};
		DE69E8F625CE9DF9004DBE9D /* Release */ = {
			isa = XCBuildConfiguration;
			baseConfigurationReference = 4219828B007F7701378E9111 /* Pods-UIStructuresWithRxSwift.release.xcconfig */;
			buildSettings = {
				ASSETCATALOG_COMPILER_APPICON_NAME = AppIcon;
				ASSETCATALOG_COMPILER_GLOBAL_ACCENT_COLOR_NAME = AccentColor;
				CODE_SIGN_STYLE = Automatic;
				DEVELOPMENT_TEAM = S5BF5553KY;
				INFOPLIST_FILE = UIStructuresWithRxSwift/Info.plist;
				LD_RUNPATH_SEARCH_PATHS = (
					"$(inherited)",
					"@executable_path/Frameworks",
				);
				PRODUCT_BUNDLE_IDENTIFIER = com.just1factory.UIStructuresWithRxSwift;
				PRODUCT_NAME = "$(TARGET_NAME)";
				SWIFT_VERSION = 5.0;
				TARGETED_DEVICE_FAMILY = "1,2";
			};
			name = Release;
		};
		DE69E8F825CE9DF9004DBE9D /* Debug */ = {
			isa = XCBuildConfiguration;
			baseConfigurationReference = 5DB8BFB239D5BCC5FA3E30AE /* Pods-UIStructuresWithRxSwiftTests.debug.xcconfig */;
			buildSettings = {
				ALWAYS_EMBED_SWIFT_STANDARD_LIBRARIES = YES;
				BUNDLE_LOADER = "$(TEST_HOST)";
				CODE_SIGN_STYLE = Automatic;
				DEVELOPMENT_TEAM = S5BF5553KY;
				INFOPLIST_FILE = UIStructuresWithRxSwiftTests/Info.plist;
				IPHONEOS_DEPLOYMENT_TARGET = 14.3;
				LD_RUNPATH_SEARCH_PATHS = (
					"$(inherited)",
					"@executable_path/Frameworks",
					"@loader_path/Frameworks",
				);
				PRODUCT_BUNDLE_IDENTIFIER = com.just1factory.UIStructuresWithRxSwiftTests;
				PRODUCT_NAME = "$(TARGET_NAME)";
				SWIFT_VERSION = 5.0;
				TARGETED_DEVICE_FAMILY = "1,2";
				TEST_HOST = "$(BUILT_PRODUCTS_DIR)/UIStructuresWithRxSwift.app/UIStructuresWithRxSwift";
			};
			name = Debug;
		};
		DE69E8F925CE9DF9004DBE9D /* Release */ = {
			isa = XCBuildConfiguration;
			baseConfigurationReference = 3940140146FDB33CB429A49B /* Pods-UIStructuresWithRxSwiftTests.release.xcconfig */;
			buildSettings = {
				ALWAYS_EMBED_SWIFT_STANDARD_LIBRARIES = YES;
				BUNDLE_LOADER = "$(TEST_HOST)";
				CODE_SIGN_STYLE = Automatic;
				DEVELOPMENT_TEAM = S5BF5553KY;
				INFOPLIST_FILE = UIStructuresWithRxSwiftTests/Info.plist;
				IPHONEOS_DEPLOYMENT_TARGET = 14.3;
				LD_RUNPATH_SEARCH_PATHS = (
					"$(inherited)",
					"@executable_path/Frameworks",
					"@loader_path/Frameworks",
				);
				PRODUCT_BUNDLE_IDENTIFIER = com.just1factory.UIStructuresWithRxSwiftTests;
				PRODUCT_NAME = "$(TARGET_NAME)";
				SWIFT_VERSION = 5.0;
				TARGETED_DEVICE_FAMILY = "1,2";
				TEST_HOST = "$(BUILT_PRODUCTS_DIR)/UIStructuresWithRxSwift.app/UIStructuresWithRxSwift";
			};
			name = Release;
		};
		DE69E8FB25CE9DF9004DBE9D /* Debug */ = {
			isa = XCBuildConfiguration;
			baseConfigurationReference = 55546648A2232E5E54D001EB /* Pods-UIStructuresWithRxSwift-UIStructuresWithRxSwiftUITests.debug.xcconfig */;
			buildSettings = {
				ALWAYS_EMBED_SWIFT_STANDARD_LIBRARIES = YES;
				CODE_SIGN_STYLE = Automatic;
				DEVELOPMENT_TEAM = S5BF5553KY;
				INFOPLIST_FILE = UIStructuresWithRxSwiftUITests/Info.plist;
				LD_RUNPATH_SEARCH_PATHS = (
					"$(inherited)",
					"@executable_path/Frameworks",
					"@loader_path/Frameworks",
				);
				PRODUCT_BUNDLE_IDENTIFIER = com.just1factory.UIStructuresWithRxSwiftUITests;
				PRODUCT_NAME = "$(TARGET_NAME)";
				SWIFT_VERSION = 5.0;
				TARGETED_DEVICE_FAMILY = "1,2";
				TEST_TARGET_NAME = UIStructuresWithRxSwift;
			};
			name = Debug;
		};
		DE69E8FC25CE9DF9004DBE9D /* Release */ = {
			isa = XCBuildConfiguration;
			baseConfigurationReference = 980753EB7243B45E3A3A088C /* Pods-UIStructuresWithRxSwift-UIStructuresWithRxSwiftUITests.release.xcconfig */;
			buildSettings = {
				ALWAYS_EMBED_SWIFT_STANDARD_LIBRARIES = YES;
				CODE_SIGN_STYLE = Automatic;
				DEVELOPMENT_TEAM = S5BF5553KY;
				INFOPLIST_FILE = UIStructuresWithRxSwiftUITests/Info.plist;
				LD_RUNPATH_SEARCH_PATHS = (
					"$(inherited)",
					"@executable_path/Frameworks",
					"@loader_path/Frameworks",
				);
				PRODUCT_BUNDLE_IDENTIFIER = com.just1factory.UIStructuresWithRxSwiftUITests;
				PRODUCT_NAME = "$(TARGET_NAME)";
				SWIFT_VERSION = 5.0;
				TARGETED_DEVICE_FAMILY = "1,2";
				TEST_TARGET_NAME = UIStructuresWithRxSwift;
			};
			name = Release;
		};
/* End XCBuildConfiguration section */

/* Begin XCConfigurationList section */
		DE69E8C525CE9DF7004DBE9D /* Build configuration list for PBXProject "UIStructuresWithRxSwift" */ = {
			isa = XCConfigurationList;
			buildConfigurations = (
				DE69E8F225CE9DF9004DBE9D /* Debug */,
				DE69E8F325CE9DF9004DBE9D /* Release */,
			);
			defaultConfigurationIsVisible = 0;
			defaultConfigurationName = Release;
		};
		DE69E8F425CE9DF9004DBE9D /* Build configuration list for PBXNativeTarget "UIStructuresWithRxSwift" */ = {
			isa = XCConfigurationList;
			buildConfigurations = (
				DE69E8F525CE9DF9004DBE9D /* Debug */,
				DE69E8F625CE9DF9004DBE9D /* Release */,
			);
			defaultConfigurationIsVisible = 0;
			defaultConfigurationName = Release;
		};
		DE69E8F725CE9DF9004DBE9D /* Build configuration list for PBXNativeTarget "UIStructuresWithRxSwiftTests" */ = {
			isa = XCConfigurationList;
			buildConfigurations = (
				DE69E8F825CE9DF9004DBE9D /* Debug */,
				DE69E8F925CE9DF9004DBE9D /* Release */,
			);
			defaultConfigurationIsVisible = 0;
			defaultConfigurationName = Release;
		};
		DE69E8FA25CE9DF9004DBE9D /* Build configuration list for PBXNativeTarget "UIStructuresWithRxSwiftUITests" */ = {
			isa = XCConfigurationList;
			buildConfigurations = (
				DE69E8FB25CE9DF9004DBE9D /* Debug */,
				DE69E8FC25CE9DF9004DBE9D /* Release */,
			);
			defaultConfigurationIsVisible = 0;
			defaultConfigurationName = Release;
		};
/* End XCConfigurationList section */
	};
	rootObject = DE69E8C225CE9DF7004DBE9D /* Project object */;
}
